
Microsoft Visual Studio Solution File, Format Version 12.00
# Visual Studio Version 16
VisualStudioVersion = 16.0.31402.337
MinimumVisualStudioVersion = 10.0.40219.1
Project("{FAE04EC0-301F-11D3-BF4B-00C04F79EFBC}") = "GammaDesktop", "GammaDesktop\GammaDesktop.csproj", "{501E7CF4-9461-4B42-B09E-F0C12756635D}"
EndProject
Global
	GlobalSection(SolutionConfigurationPlatforms) = preSolution
		Debug|Any CPU = Debug|Any CPU
		Release|Any CPU = Release|Any CPU
	EndGlobalSection
	GlobalSection(ProjectConfigurationPlatforms) = postSolution
		{501E7CF4-9461-4B42-B09E-F0C12756635D}.Debug|Any CPU.ActiveCfg = Debug|Any CPU
		{501E7CF4-9461-4B42-B09E-F0C12756635D}.Debug|Any CPU.Build.0 = Debug|Any CPU
		{501E7CF4-9461-4B42-B09E-F0C12756635D}.Release|Any CPU.ActiveCfg = Release|Any CPU
		{501E7CF4-9461-4B42-B09E-F0C12756635D}.Release|Any CPU.Build.0 = Release|Any CPU
	EndGlobalSection
	GlobalSection(SolutionProperties) = preSolution
		HideSolutionNode = FALSE
	EndGlobalSection
	GlobalSection(ExtensibilityGlobals) = postSolution
		SolutionGuid = {3A2FE4DE-5AE4-4A91-9172-8A0EC406173E}
	EndGlobalSection
EndGlobal
